
Microsoft Visual Studio Solution File, Format Version 12.00
# Visual Studio Version 17
VisualStudioVersion = 17.2.32630.192
MinimumVisualStudioVersion = 10.0.40219.1
Project("{FAE04EC0-301F-11D3-BF4B-00C04F79EFBC}") = "QuanLySinhVien", "QuanLySinhVien\QuanLySinhVien.csproj", "{98BB5D1A-C5DD-40EA-898C-E12D67FCAE6E}"
EndProject
Global
	GlobalSection(SolutionConfigurationPlatforms) = preSolution
		Debug|Any CPU = Debug|Any CPU
		Release|Any CPU = Release|Any CPU
	EndGlobalSection
	GlobalSection(ProjectConfigurationPlatforms) = postSolution
		{98BB5D1A-C5DD-40EA-898C-E12D67FCAE6E}.Debug|Any CPU.ActiveCfg = Debug|Any CPU
		{98BB5D1A-C5DD-40EA-898C-E12D67FCAE6E}.Debug|Any CPU.Build.0 = Debug|Any CPU
		{98BB5D1A-C5DD-40EA-898C-E12D67FCAE6E}.Release|Any CPU.ActiveCfg = Release|Any CPU
		{98BB5D1A-C5DD-40EA-898C-E12D67FCAE6E}.Release|Any CPU.Build.0 = Release|Any CPU
	EndGlobalSection
	GlobalSection(SolutionProperties) = preSolution
		HideSolutionNode = FALSE
	EndGlobalSection
	GlobalSection(ExtensibilityGlobals) = postSolution
		SolutionGuid = {67B5B8B8-E930-456C-B50C-A09F492C5447}
	EndGlobalSection
EndGlobal
